{
  "object": {
    "pins": [
      {
        "package": "MapboxCommon",
        "repositoryURL": "https://github.com/mapbox/mapbox-common-ios.git",
        "state": {
          "branch": null,
          "revision": "0344eb61ec9e3cf96c81b1767354a8a3cd1246fc",
          "version": "20.0.0"
        }
      },
      {
        "package": "MapboxCoreMaps",
        "repositoryURL": "https://github.com/mapbox/mapbox-core-maps-ios.git",
        "state": {
          "branch": null,
          "revision": "fd3b7e65b51fd984831c1337876b038ed183480b",
          "version": "10.0.0"
        }
      },
      {
        "package": "MapboxMobileEvents",
        "repositoryURL": "https://github.com/mapbox/mapbox-events-ios.git",
        "state": {
          "branch": null,
          "revision": "e29f48d9ed02b31ef51f9774a9c45f1d7c2c2b78",
          "version": "1.0.6"
        }
      },
      {
        "package": "MapboxMaps",
        "repositoryURL": "https://github.com/mapbox/mapbox-maps-ios.git",
        "state": {
          "branch": null,
          "revision": "ff273a812f0414537cfb6f55d4945bf377195269",
          "version": "10.0.1"
        }
      },
      {
        "package": "Turf",
        "repositoryURL": "https://github.com/mapbox/turf-swift.git",
        "state": {
          "branch": null,
          "revision": "dccd79aee4c21298d1beb81cc0e86eccbe911ae0",
          "version": "2.0.0"
        }
      }
    ]
  },
  "version": 1
}
